
Microsoft Visual Studio Solution File, Format Version 12.00
# Visual Studio 15
Project("{FAE04EC0-301F-11D3-BF4B-00C04F79EFBC}") = "MRTKIntro", "MRTKIntro.csproj", "{DD22BC6C-F013-819B-0A74-6B91F6C753C2}"
EndProject
Project("{FAE04EC0-301F-11D3-BF4B-00C04F79EFBC}") = "MRTKIntro.Editor", "MRTKIntro.Editor.csproj", "{1BE1BF80-5509-0711-7A76-4335FD3B1199}"
EndProject
Global
	GlobalSection(SolutionConfigurationPlatforms) = preSolution
		Debug|Any CPU = Debug|Any CPU
		Release|Any CPU = Release|Any CPU
	EndGlobalSection
	GlobalSection(ProjectConfigurationPlatforms) = postSolution
		{DD22BC6C-F013-819B-0A74-6B91F6C753C2}.Debug|Any CPU.ActiveCfg = Debug|Any CPU
		{DD22BC6C-F013-819B-0A74-6B91F6C753C2}.Debug|Any CPU.Build.0 = Debug|Any CPU
		{DD22BC6C-F013-819B-0A74-6B91F6C753C2}.Release|Any CPU.ActiveCfg = Release|Any CPU
		{DD22BC6C-F013-819B-0A74-6B91F6C753C2}.Release|Any CPU.Build.0 = Release|Any CPU
		{1BE1BF80-5509-0711-7A76-4335FD3B1199}.Debug|Any CPU.ActiveCfg = Debug|Any CPU
		{1BE1BF80-5509-0711-7A76-4335FD3B1199}.Debug|Any CPU.Build.0 = Debug|Any CPU
		{1BE1BF80-5509-0711-7A76-4335FD3B1199}.Release|Any CPU.ActiveCfg = Release|Any CPU
		{1BE1BF80-5509-0711-7A76-4335FD3B1199}.Release|Any CPU.Build.0 = Release|Any CPU
	EndGlobalSection
	GlobalSection(SolutionProperties) = preSolution
		HideSolutionNode = FALSE
	EndGlobalSection
EndGlobal
